
Microsoft Visual Studio Solution File, Format Version 12.00
# Visual Studio 15
VisualStudioVersion = 15.0.28307.106
MinimumVisualStudioVersion = 10.0.40219.1
Project("{FAE04EC0-301F-11D3-BF4B-00C04F79EFBC}") = "MapEditor", "MapEditor\MapEditor.csproj", "{AB514C30-D9FA-47F5-8A48-B525E3F88021}"
EndProject
Global
	GlobalSection(SolutionConfigurationPlatforms) = preSolution
		Debug|Any CPU = Debug|Any CPU
		Release|Any CPU = Release|Any CPU
	EndGlobalSection
	GlobalSection(ProjectConfigurationPlatforms) = postSolution
		{AB514C30-D9FA-47F5-8A48-B525E3F88021}.Debug|Any CPU.ActiveCfg = Debug|Any CPU
		{AB514C30-D9FA-47F5-8A48-B525E3F88021}.Debug|Any CPU.Build.0 = Debug|Any CPU
		{AB514C30-D9FA-47F5-8A48-B525E3F88021}.Release|Any CPU.ActiveCfg = Release|Any CPU
		{AB514C30-D9FA-47F5-8A48-B525E3F88021}.Release|Any CPU.Build.0 = Release|Any CPU
	EndGlobalSection
	GlobalSection(SolutionProperties) = preSolution
		HideSolutionNode = FALSE
	EndGlobalSection
	GlobalSection(ExtensibilityGlobals) = postSolution
		SolutionGuid = {03D08CF7-695E-46CE-886B-20D6A9113050}
	EndGlobalSection
EndGlobal
